
Microsoft Visual Studio Solution File, Format Version 12.00
# Visual Studio Version 17
VisualStudioVersion = 17.4.33213.308
MinimumVisualStudioVersion = 10.0.40219.1
Project("{8BC9CEB8-8B4A-11D0-8D11-00A0C91BC942}") = "CMBCompositeIndex", "CMBCompositeIndex.vcxproj", "{4DE8F65B-01F8-4BEB-8FEF-7E728E558F0A}"
EndProject
Global
	GlobalSection(SolutionConfigurationPlatforms) = preSolution
		Debug|x64 = Debug|x64
		Debug|x86 = Debug|x86
		Release|x64 = Release|x64
		Release|x86 = Release|x86
	EndGlobalSection
	GlobalSection(ProjectConfigurationPlatforms) = postSolution
		{4DE8F65B-01F8-4BEB-8FEF-7E728E558F0A}.Debug|x64.ActiveCfg = Debug|x64
		{4DE8F65B-01F8-4BEB-8FEF-7E728E558F0A}.Debug|x64.Build.0 = Debug|x64
		{4DE8F65B-01F8-4BEB-8FEF-7E728E558F0A}.Debug|x86.ActiveCfg = Debug|Win32
		{4DE8F65B-01F8-4BEB-8FEF-7E728E558F0A}.Debug|x86.Build.0 = Debug|Win32
		{4DE8F65B-01F8-4BEB-8FEF-7E728E558F0A}.Release|x64.ActiveCfg = Release|x64
		{4DE8F65B-01F8-4BEB-8FEF-7E728E558F0A}.Release|x64.Build.0 = Release|x64
		{4DE8F65B-01F8-4BEB-8FEF-7E728E558F0A}.Release|x86.ActiveCfg = Release|Win32
		{4DE8F65B-01F8-4BEB-8FEF-7E728E558F0A}.Release|x86.Build.0 = Release|Win32
	EndGlobalSection
	GlobalSection(SolutionProperties) = preSolution
		HideSolutionNode = FALSE
	EndGlobalSection
	GlobalSection(ExtensibilityGlobals) = postSolution
		SolutionGuid = {48B05B31-F6CC-4798-9E8C-8F37CA810B02}
	EndGlobalSection
EndGlobal
